
Microsoft Visual Studio Solution File, Format Version 12.00
# Visual Studio Version 16
VisualStudioVersion = 16.0.29806.167
MinimumVisualStudioVersion = 10.0.40219.1
Project("{8BC9CEB8-8B4A-11D0-8D11-00A0C91BC942}") = "PlatformerGame", "PlatformerGame.vcxproj", "{7987B67B-58BD-4440-998E-DDFBE8CADA67}"
EndProject
Project("{54435603-DBB4-11D2-8724-00A0C9A8B90C}") = "PPSInstaller", "..\PPSInstaller\PPSInstaller.vdproj", "{DD0CC083-189D-4E6E-AC71-403172F396E0}"
EndProject
Global
	GlobalSection(SolutionConfigurationPlatforms) = preSolution
		Debug|x64 = Debug|x64
		Debug|x86 = Debug|x86
		Release|x64 = Release|x64
		Release|x86 = Release|x86
	EndGlobalSection
	GlobalSection(ProjectConfigurationPlatforms) = postSolution
		{7987B67B-58BD-4440-998E-DDFBE8CADA67}.Debug|x64.ActiveCfg = Debug|x64
		{7987B67B-58BD-4440-998E-DDFBE8CADA67}.Debug|x64.Build.0 = Debug|x64
		{7987B67B-58BD-4440-998E-DDFBE8CADA67}.Debug|x86.ActiveCfg = Debug|Win32
		{7987B67B-58BD-4440-998E-DDFBE8CADA67}.Debug|x86.Build.0 = Debug|Win32
		{7987B67B-58BD-4440-998E-DDFBE8CADA67}.Release|x64.ActiveCfg = Debug|x64
		{7987B67B-58BD-4440-998E-DDFBE8CADA67}.Release|x64.Build.0 = Debug|x64
		{7987B67B-58BD-4440-998E-DDFBE8CADA67}.Release|x86.ActiveCfg = Release|Win32
		{7987B67B-58BD-4440-998E-DDFBE8CADA67}.Release|x86.Build.0 = Release|Win32
		{DD0CC083-189D-4E6E-AC71-403172F396E0}.Debug|x64.ActiveCfg = Debug
		{DD0CC083-189D-4E6E-AC71-403172F396E0}.Debug|x86.ActiveCfg = Debug
		{DD0CC083-189D-4E6E-AC71-403172F396E0}.Release|x64.ActiveCfg = Debug
		{DD0CC083-189D-4E6E-AC71-403172F396E0}.Release|x64.Build.0 = Debug
		{DD0CC083-189D-4E6E-AC71-403172F396E0}.Release|x86.ActiveCfg = Release
	EndGlobalSection
	GlobalSection(SolutionProperties) = preSolution
		HideSolutionNode = FALSE
	EndGlobalSection
	GlobalSection(ExtensibilityGlobals) = postSolution
		SolutionGuid = {DB015ACA-3620-454D-B1C2-DC9C1C501155}
	EndGlobalSection
	GlobalSection(SolutionConfigurationPlatforms) = preSolution
		Debug|x64 = Debug|x64
		Debug|x86 = Debug|x86
		Release|x64 = Release|x64
		Release|x86 = Release|x86
	EndGlobalSection
EndGlobal
